
Microsoft Visual Studio Solution File, Format Version 12.00
# Visual Studio 14
VisualStudioVersion = 14.0.25420.1
MinimumVisualStudioVersion = 10.0.40219.1
Project("{FAE04EC0-301F-11D3-BF4B-00C04F79EFBC}") = "MessageQuequeAPI", "MessageQuequeAPI\MessageQuequeAPI.csproj", "{276C2B0C-258E-41A3-85F3-A9248336D6E1}"
EndProject
Project("{FAE04EC0-301F-11D3-BF4B-00C04F79EFBC}") = "MessageQuequeAPI.RabbitMQ", "MessageQuequeAPI.RabbitMQ\MessageQuequeAPI.RabbitMQ.csproj", "{2C199156-D756-48E0-8CBF-FCA3BEC74F10}"
EndProject
Project("{FAE04EC0-301F-11D3-BF4B-00C04F79EFBC}") = "MessageQuequeAPI.Kafka", "MessageQuequeAPI.Kafka\MessageQuequeAPI.Kafka.csproj", "{F4C32ACE-02C1-47FF-BC36-4987A823C9C1}"
EndProject
Project("{FAE04EC0-301F-11D3-BF4B-00C04F79EFBC}") = "MessageQuequeAPI.SqlServer", "MessageQuequeAPI.Store\MessageQuequeAPI.SqlServer.csproj", "{3704603B-9CFF-4C02-8574-FBFD836ABB3F}"
EndProject
Global
	GlobalSection(SolutionConfigurationPlatforms) = preSolution
		Debug|Any CPU = Debug|Any CPU
		Release|Any CPU = Release|Any CPU
	EndGlobalSection
	GlobalSection(ProjectConfigurationPlatforms) = postSolution
		{276C2B0C-258E-41A3-85F3-A9248336D6E1}.Debug|Any CPU.ActiveCfg = Debug|Any CPU
		{276C2B0C-258E-41A3-85F3-A9248336D6E1}.Debug|Any CPU.Build.0 = Debug|Any CPU
		{276C2B0C-258E-41A3-85F3-A9248336D6E1}.Release|Any CPU.ActiveCfg = Release|Any CPU
		{276C2B0C-258E-41A3-85F3-A9248336D6E1}.Release|Any CPU.Build.0 = Release|Any CPU
		{2C199156-D756-48E0-8CBF-FCA3BEC74F10}.Debug|Any CPU.ActiveCfg = Debug|Any CPU
		{2C199156-D756-48E0-8CBF-FCA3BEC74F10}.Debug|Any CPU.Build.0 = Debug|Any CPU
		{2C199156-D756-48E0-8CBF-FCA3BEC74F10}.Release|Any CPU.ActiveCfg = Release|Any CPU
		{2C199156-D756-48E0-8CBF-FCA3BEC74F10}.Release|Any CPU.Build.0 = Release|Any CPU
		{F4C32ACE-02C1-47FF-BC36-4987A823C9C1}.Debug|Any CPU.ActiveCfg = Debug|Any CPU
		{F4C32ACE-02C1-47FF-BC36-4987A823C9C1}.Debug|Any CPU.Build.0 = Debug|Any CPU
		{F4C32ACE-02C1-47FF-BC36-4987A823C9C1}.Release|Any CPU.ActiveCfg = Release|Any CPU
		{F4C32ACE-02C1-47FF-BC36-4987A823C9C1}.Release|Any CPU.Build.0 = Release|Any CPU
		{3704603B-9CFF-4C02-8574-FBFD836ABB3F}.Debug|Any CPU.ActiveCfg = Debug|Any CPU
		{3704603B-9CFF-4C02-8574-FBFD836ABB3F}.Debug|Any CPU.Build.0 = Debug|Any CPU
		{3704603B-9CFF-4C02-8574-FBFD836ABB3F}.Release|Any CPU.ActiveCfg = Release|Any CPU
		{3704603B-9CFF-4C02-8574-FBFD836ABB3F}.Release|Any CPU.Build.0 = Release|Any CPU
	EndGlobalSection
	GlobalSection(SolutionProperties) = preSolution
		HideSolutionNode = FALSE
	EndGlobalSection
EndGlobal
